// !$*UTF8*$!
{
	archiveVersion = 1;
	classes = {
	};
	objectVersion = 77;
	objects = {

/* Begin PBXBuildFile section */
		BBD732212E7279F00047A8F2 /* yellowViewController.swift in Sources */ = {isa = PBXBuildFile; fileRef = BBD732202E7279F00047A8F2 /* yellowViewController.swift */; };
/* End PBXBuildFile section */

/* Begin PBXContainerItemProxy section */
		BBD732032E72730C0047A8F2 /* PBXContainerItemProxy */ = {
			isa = PBXContainerItemProxy;
			containerPortal = BBD731E42E72730A0047A8F2 /* Project object */;
			proxyType = 1;
			remoteGlobalIDString = BBD731EB2E72730A0047A8F2;
			remoteInfo = Segue_Traffic;
		};
		BBD7320D2E72730C0047A8F2 /* PBXContainerItemProxy */ = {
			isa = PBXContainerItemProxy;
			containerPortal = BBD731E42E72730A0047A8F2 /* Project object */;
			proxyType = 1;
			remoteGlobalIDString = BBD731EB2E72730A0047A8F2;
			remoteInfo = Segue_Traffic;
		};
/* End PBXContainerItemProxy section */

/* Begin PBXFileReference section */
		BBD731EC2E72730A0047A8F2 /* Segue_Traffic.app */ = {isa = PBXFileReference; explicitFileType = wrapper.application; includeInIndex = 0; path = Segue_Traffic.app; sourceTree = BUILT_PRODUCTS_DIR; };
		BBD732022E72730C0047A8F2 /* Segue_TrafficTests.xctest */ = {isa = PBXFileReference; explicitFileType = wrapper.cfbundle; includeInIndex = 0; path = Segue_TrafficTests.xctest; sourceTree = BUILT_PRODUCTS_DIR; };
		BBD7320C2E72730C0047A8F2 /* Segue_TrafficUITests.xctest */ = {isa = PBXFileReference; explicitFileType = wrapper.cfbundle; includeInIndex = 0; path = Segue_TrafficUITests.xctest; sourceTree = BUILT_PRODUCTS_DIR; };
		BBD732202E7279F00047A8F2 /* yellowViewController.swift */ = {isa = PBXFileReference; lastKnownFileType = sourcecode.swift; path = yellowViewController.swift; sourceTree = "<group>"; };
/* End PBXFileReference section */

/* Begin PBXFileSystemSynchronizedBuildFileExceptionSet section */
		BBD732142E72730C0047A8F2 /* Exceptions for "Segue_Traffic" folder in "Segue_Traffic" target */ = {
			isa = PBXFileSystemSynchronizedBuildFileExceptionSet;
			membershipExceptions = (
				Info.plist,
			);
			target = BBD731EB2E72730A0047A8F2 /* Segue_Traffic */;
		};
/* End PBXFileSystemSynchronizedBuildFileExceptionSet section */

/* Begin PBXFileSystemSynchronizedRootGroup section */
		BBD731EE2E72730A0047A8F2 /* Segue_Traffic */ = {
			isa = PBXFileSystemSynchronizedRootGroup;
			exceptions = (
				BBD732142E72730C0047A8F2 /* Exceptions for "Segue_Traffic" folder in "Segue_Traffic" target */,
			);
			path = Segue_Traffic;
			sourceTree = "<group>";
		};
		BBD732052E72730C0047A8F2 /* Segue_TrafficTests */ = {
			isa = PBXFileSystemSynchronizedRootGroup;
			path = Segue_TrafficTests;
			sourceTree = "<group>";
		};
		BBD7320F2E72730C0047A8F2 /* Segue_TrafficUITests */ = {
			isa = PBXFileSystemSynchronizedRootGroup;
			path = Segue_TrafficUITests;
			sourceTree = "<group>";
		};
/* End PBXFileSystemSynchronizedRootGroup section */

/* Begin PBXFrameworksBuildPhase section */
		BBD731E92E72730A0047A8F2 /* Frameworks */ = {
			isa = PBXFrameworksBuildPhase;
			buildActionMask = 2147483647;
			files = (
			);
			runOnlyForDeploymentPostprocessing = 0;
		};
		BBD731FF2E72730C0047A8F2 /* Frameworks */ = {
			isa = PBXFrameworksBuildPhase;
			buildActionMask = 2147483647;
			files = (
			);
			runOnlyForDeploymentPostprocessing = 0;
		};
		BBD732092E72730C0047A8F2 /* Frameworks */ = {
			isa = PBXFrameworksBuildPhase;
			buildActionMask = 2147483647;
			files = (
			);
			runOnlyForDeploymentPostprocessing = 0;
		};
/* End PBXFrameworksBuildPhase section */

/* Begin PBXGroup section */
		BBD731E32E72730A0047A8F2 = {
			isa = PBXGroup;
			children = (
				BBD732202E7279F00047A8F2 /* yellowViewController.swift */,
				BBD731EE2E72730A0047A8F2 /* Segue_Traffic */,
				BBD732052E72730C0047A8F2 /* Segue_TrafficTests */,
				BBD7320F2E72730C0047A8F2 /* Segue_TrafficUITests */,
				BBD731ED2E72730A0047A8F2 /* Products */,
			);
			sourceTree = "<group>";
		};
		BBD731ED2E72730A0047A8F2 /* Products */ = {
			isa = PBXGroup;
			children = (
				BBD731EC2E72730A0047A8F2 /* Segue_Traffic.app */,
				BBD732022E72730C0047A8F2 /* Segue_TrafficTests.xctest */,
				BBD7320C2E72730C0047A8F2 /* Segue_TrafficUITests.xctest */,
			);
			name = Products;
			sourceTree = "<group>";
		};
/* End PBXGroup section */

/* Begin PBXNativeTarget section */
		BBD731EB2E72730A0047A8F2 /* Segue_Traffic */ = {
			isa = PBXNativeTarget;
			buildConfigurationList = BBD732152E72730C0047A8F2 /* Build configuration list for PBXNativeTarget "Segue_Traffic" */;
			buildPhases = (
				BBD731E82E72730A0047A8F2 /* Sources */,
				BBD731E92E72730A0047A8F2 /* Frameworks */,
				BBD731EA2E72730A0047A8F2 /* Resources */,
			);
			buildRules = (
			);
			dependencies = (
			);
			fileSystemSynchronizedGroups = (
				BBD731EE2E72730A0047A8F2 /* Segue_Traffic */,
			);
			name = Segue_Traffic;
			packageProductDependencies = (
			);
			productName = Segue_Traffic;
			productReference = BBD731EC2E72730A0047A8F2 /* Segue_Traffic.app */;
			productType = "com.apple.product-type.application";
		};
		BBD732012E72730C0047A8F2 /* Segue_TrafficTests */ = {
			isa = PBXNativeTarget;
			buildConfigurationList = BBD7321A2E72730C0047A8F2 /* Build configuration list for PBXNativeTarget "Segue_TrafficTests" */;
			buildPhases = (
				BBD731FE2E72730C0047A8F2 /* Sources */,
				BBD731FF2E72730C0047A8F2 /* Frameworks */,
				BBD732002E72730C0047A8F2 /* Resources */,
			);
			buildRules = (
			);
			dependencies = (
				BBD732042E72730C0047A8F2 /* PBXTargetDependency */,
			);
			fileSystemSynchronizedGroups = (
				BBD732052E72730C0047A8F2 /* Segue_TrafficTests */,
			);
			name = Segue_TrafficTests;
			packageProductDependencies = (
			);
			productName = Segue_TrafficTests;
			productReference = BBD732022E72730C0047A8F2 /* Segue_TrafficTests.xctest */;
			productType = "com.apple.product-type.bundle.unit-test";
		};
		BBD7320B2E72730C0047A8F2 /* Segue_TrafficUITests */ = {
			isa = PBXNativeTarget;
			buildConfigurationList = BBD7321D2E72730C0047A8F2 /* Build configuration list for PBXNativeTarget "Segue_TrafficUITests" */;
			buildPhases = (
				BBD732082E72730C0047A8F2 /* Sources */,
				BBD732092E72730C0047A8F2 /* Frameworks */,
				BBD7320A2E72730C0047A8F2 /* Resources */,
			);
			buildRules = (
			);
			dependencies = (
				BBD7320E2E72730C0047A8F2 /* PBXTargetDependency */,
			);
			fileSystemSynchronizedGroups = (
				BBD7320F2E72730C0047A8F2 /* Segue_TrafficUITests */,
			);
			name = Segue_TrafficUITests;
			packageProductDependencies = (
			);
			productName = Segue_TrafficUITests;
			productReference = BBD7320C2E72730C0047A8F2 /* Segue_TrafficUITests.xctest */;
			productType = "com.apple.product-type.bundle.ui-testing";
		};
/* End PBXNativeTarget section */

/* Begin PBXProject section */
		BBD731E42E72730A0047A8F2 /* Project object */ = {
			isa = PBXProject;
			attributes = {
				BuildIndependentTargetsInParallel = 1;
				LastSwiftUpdateCheck = 1640;
				LastUpgradeCheck = 1640;
				TargetAttributes = {
					BBD731EB2E72730A0047A8F2 = {
						CreatedOnToolsVersion = 16.4;
					};
					BBD732012E72730C0047A8F2 = {
						CreatedOnToolsVersion = 16.4;
						TestTargetID = BBD731EB2E72730A0047A8F2;
					};
					BBD7320B2E72730C0047A8F2 = {
						CreatedOnToolsVersion = 16.4;
						TestTargetID = BBD731EB2E72730A0047A8F2;
					};
				};
			};
			buildConfigurationList = BBD731E72E72730A0047A8F2 /* Build configuration list for PBXProject "Segue_Traffic" */;
			developmentRegion = en;
			hasScannedForEncodings = 0;
			knownRegions = (
				en,
				Base,
			);
			mainGroup = BBD731E32E72730A0047A8F2;
			minimizedProjectReferenceProxies = 1;
			preferredProjectObjectVersion = 77;
			productRefGroup = BBD731ED2E72730A0047A8F2 /* Products */;
			projectDirPath = "";
			projectRoot = "";
			targets = (
				BBD731EB2E72730A0047A8F2 /* Segue_Traffic */,
				BBD732012E72730C0047A8F2 /* Segue_TrafficTests */,
				BBD7320B2E72730C0047A8F2 /* Segue_TrafficUITests */,
			);
		};
/* End PBXProject section */

/* Begin PBXResourcesBuildPhase section */
		BBD731EA2E72730A0047A8F2 /* Resources */ = {
			isa = PBXResourcesBuildPhase;
			buildActionMask = 2147483647;
			files = (
			);
			runOnlyForDeploymentPostprocessing = 0;
		};
		BBD732002E72730C0047A8F2 /* Resources */ = {
			isa = PBXResourcesBuildPhase;
			buildActionMask = 2147483647;
			files = (
			);
			runOnlyForDeploymentPostprocessing = 0;
		};
		BBD7320A2E72730C0047A8F2 /* Resources */ = {
			isa = PBXResourcesBuildPhase;
			buildActionMask = 2147483647;
			files = (
			);
			runOnlyForDeploymentPostprocessing = 0;
		};
/* End PBXResourcesBuildPhase section */

/* Begin PBXSourcesBuildPhase section */
		BBD731E82E72730A0047A8F2 /* Sources */ = {
			isa = PBXSourcesBuildPhase;
			buildActionMask = 2147483647;
			files = (
				BBD732212E7279F00047A8F2 /* yellowViewController.swift in Sources */,
			);
			runOnlyForDeploymentPostprocessing = 0;
		};
		BBD731FE2E72730C0047A8F2 /* Sources */ = {
			isa = PBXSourcesBuildPhase;
			buildActionMask = 2147483647;
			files = (
			);
			runOnlyForDeploymentPostprocessing = 0;
		};
		BBD732082E72730C0047A8F2 /* Sources */ = {
			isa = PBXSourcesBuildPhase;
			buildActionMask = 2147483647;
			files = (
			);
			runOnlyForDeploymentPostprocessing = 0;
		};
/* End PBXSourcesBuildPhase section */

/* Begin PBXTargetDependency section */
		BBD732042E72730C0047A8F2 /* PBXTargetDependency */ = {
			isa = PBXTargetDependency;
			target = BBD731EB2E72730A0047A8F2 /* Segue_Traffic */;
			targetProxy = BBD732032E72730C0047A8F2 /* PBXContainerItemProxy */;
		};
		BBD7320E2E72730C0047A8F2 /* PBXTargetDependency */ = {
			isa = PBXTargetDependency;
			target = BBD731EB2E72730A0047A8F2 /* Segue_Traffic */;
			targetProxy = BBD7320D2E72730C0047A8F2 /* PBXContainerItemProxy */;
		};
/* End PBXTargetDependency section */

/* Begin XCBuildConfiguration section */
		BBD732162E72730C0047A8F2 /* Debug */ = {
			isa = XCBuildConfiguration;
			buildSettings = {
				ASSETCATALOG_COMPILER_APPICON_NAME = AppIcon;
				ASSETCATALOG_COMPILER_GLOBAL_ACCENT_COLOR_NAME = AccentColor;
				CODE_SIGN_STYLE = Automatic;
				CURRENT_PROJECT_VERSION = 1;
				DEVELOPMENT_TEAM = 8ZSX2MP48K;
				GENERATE_INFOPLIST_FILE = YES;
				INFOPLIST_FILE = Segue_Traffic/Info.plist;
				INFOPLIST_KEY_UIApplicationSupportsIndirectInputEvents = YES;
				INFOPLIST_KEY_UILaunchStoryboardName = LaunchScreen;
				INFOPLIST_KEY_UIMainStoryboardFile = Main;
				INFOPLIST_KEY_UISupportedInterfaceOrientations_iPad = "UIInterfaceOrientationPortrait UIInterfaceOrientationPortraitUpsideDown UIInterfaceOrientationLandscapeLeft UIInterfaceOrientationLandscapeRight";
				INFOPLIST_KEY_UISupportedInterfaceOrientations_iPhone = "UIInterfaceOrientationPortrait UIInterfaceOrientationLandscapeLeft UIInterfaceOrientationLandscapeRight";
				LD_RUNPATH_SEARCH_PATHS = (
					"$(inherited)",
					"@executable_path/Frameworks",
				);
				MARKETING_VERSION = 1.0;
				PRODUCT_BUNDLE_IDENTIFIER = "srmist.edu.in.Segue-Traffic";
				PRODUCT_NAME = "$(TARGET_NAME)";
				SWIFT_EMIT_LOC_STRINGS = YES;
				SWIFT_VERSION = 5.0;
				TARGETED_DEVICE_FAMILY = "1,2";
			};
			name = Debug;
		};
		BBD732172E72730C0047A8F2 /* Release */ = {
			isa = XCBuildConfiguration;
			buildSettings = {
				ASSETCATALOG_COMPILER_APPICON_NAME = AppIcon;
				ASSETCATALOG_COMPILER_GLOBAL_ACCENT_COLOR_NAME = AccentColor;
				CODE_SIGN_STYLE = Automatic;
				CURRENT_PROJECT_VERSION = 1;
				DEVELOPMENT_TEAM = 8ZSX2MP48K;
				GENERATE_INFOPLIST_FILE = YES;
				INFOPLIST_FILE = Segue_Traffic/Info.plist;
				INFOPLIST_KEY_UIApplicationSupportsIndirectInputEvents = YES;
				INFOPLIST_KEY_UILaunchStoryboardName = LaunchScreen;
				INFOPLIST_KEY_UIMainStoryboardFile = Main;
				INFOPLIST_KEY_UISupportedInterfaceOrientations_iPad = "UIInterfaceOrientationPortrait UIInterfaceOrientationPortraitUpsideDown UIInterfaceOrientationLandscapeLeft UIInterfaceOrientationLandscapeRight";
				INFOPLIST_KEY_UISupportedInterfaceOrientations_iPhone = "UIInterfaceOrientationPortrait UIInterfaceOrientationLandscapeLeft UIInterfaceOrientationLandscapeRight";
				LD_RUNPATH_SEARCH_PATHS = (
					"$(inherited)",
					"@executable_path/Frameworks",
				);
				MARKETING_VERSION = 1.0;
				PRODUCT_BUNDLE_IDENTIFIER = "srmist.edu.in.Segue-Traffic";
				PRODUCT_NAME = "$(TARGET_NAME)";
				SWIFT_EMIT_LOC_STRINGS = YES;
				SWIFT_VERSION = 5.0;
				TARGETED_DEVICE_FAMILY = "1,2";
			};
			name = Release;
		};
		BBD732182E72730C0047A8F2 /* Debug */ = {
			isa = XCBuildConfiguration;
			buildSettings = {
				ALWAYS_SEARCH_USER_PATHS = NO;
				ASSETCATALOG_COMPILER_GENERATE_SWIFT_ASSET_SYMBOL_EXTENSIONS = YES;
				CLANG_ANALYZER_NONNULL = YES;
				CLANG_ANALYZER_NUMBER_OBJECT_CONVERSION = YES_AGGRESSIVE;
				CLANG_CXX_LANGUAGE_STANDARD = "gnu++20";
				CLANG_ENABLE_MODULES = YES;
				CLANG_ENABLE_OBJC_ARC = YES;
				CLANG_ENABLE_OBJC_WEAK = YES;
				CLANG_WARN_BLOCK_CAPTURE_AUTORELEASING = YES;
				CLANG_WARN_BOOL_CONVERSION = YES;
				CLANG_WARN_COMMA = YES;
				CLANG_WARN_CONSTANT_CONVERSION = YES;
				CLANG_WARN_DEPRECATED_OBJC_IMPLEMENTATIONS = YES;
				CLANG_WARN_DIRECT_OBJC_ISA_USAGE = YES_ERROR;
				CLANG_WARN_DOCUMENTATION_COMMENTS = YES;
				CLANG_WARN_EMPTY_BODY = YES;
				CLANG_WARN_ENUM_CONVERSION = YES;
				CLANG_WARN_INFINITE_RECURSION = YES;
				CLANG_WARN_INT_CONVERSION = YES;
				CLANG_WARN_NON_LITERAL_NULL_CONVERSION = YES;
				CLANG_WARN_OBJC_IMPLICIT_RETAIN_SELF = YES;
				CLANG_WARN_OBJC_LITERAL_CONVERSION = YES;
				CLANG_WARN_OBJC_ROOT_CLASS = YES_ERROR;
				CLANG_WARN_QUOTED_INCLUDE_IN_FRAMEWORK_HEADER = YES;
				CLANG_WARN_RANGE_LOOP_ANALYSIS = YES;
				CLANG_WARN_STRICT_PROTOTYPES = YES;
				CLANG_WARN_SUSPICIOUS_MOVE = YES;
				CLANG_WARN_UNGUARDED_AVAILABILITY = YES_AGGRESSIVE;
				CLANG_WARN_UNREACHABLE_CODE = YES;
				CLANG_WARN__DUPLICATE_METHOD_MATCH = YES;
				COPY_PHASE_STRIP = NO;
				DEBUG_INFORMATION_FORMAT = dwarf;
				DEVELOPMENT_TEAM = 8ZSX2MP48K;
				ENABLE_STRICT_OBJC_MSGSEND = YES;
				ENABLE_TESTABILITY = YES;
				ENABLE_USER_SCRIPT_SANDBOXING = YES;
				GCC_C_LANGUAGE_STANDARD = gnu17;
				GCC_DYNAMIC_NO_PIC = NO;
				GCC_NO_COMMON_BLOCKS = YES;
				GCC_OPTIMIZATION_LEVEL = 0;
				GCC_PREPROCESSOR_DEFINITIONS = (
					"DEBUG=1",
					"$(inherited)",
				);
				GCC_WARN_64_TO_32_BIT_CONVERSION = YES;
				GCC_WARN_ABOUT_RETURN_TYPE = YES_ERROR;
				GCC_WARN_UNDECLARED_SELECTOR = YES;
				GCC_WARN_UNINITIALIZED_AUTOS = YES_AGGRESSIVE;
				GCC_WARN_UNUSED_FUNCTION = YES;
				GCC_WARN_UNUSED_VARIABLE = YES;
				IPHONEOS_DEPLOYMENT_TARGET = 18.5;
				LOCALIZATION_PREFERS_STRING_CATALOGS = YES;
				MTL_ENABLE_DEBUG_INFO = INCLUDE_SOURCE;
				MTL_FAST_MATH = YES;
				ONLY_ACTIVE_ARCH = YES;
				SDKROOT = iphoneos;
				SWIFT_ACTIVE_COMPILATION_CONDITIONS = "DEBUG $(inherited)";
				SWIFT_OPTIMIZATION_LEVEL = "-Onone";
			};
			name = Debug;
		};
		BBD732192E72730C0047A8F2 /* Release */ = {
			isa = XCBuildConfiguration;
			buildSettings = {
				ALWAYS_SEARCH_USER_PATHS = NO;
				ASSETCATALOG_COMPILER_GENERATE_SWIFT_ASSET_SYMBOL_EXTENSIONS = YES;
				CLANG_ANALYZER_NONNULL = YES;
				CLANG_ANALYZER_NUMBER_OBJECT_CONVERSION = YES_AGGRESSIVE;
				CLANG_CXX_LANGUAGE_STANDARD = "gnu++20";
				CLANG_ENABLE_MODULES = YES;
				CLANG_ENABLE_OBJC_ARC = YES;
				CLANG_ENABLE_OBJC_WEAK = YES;
				CLANG_WARN_BLOCK_CAPTURE_AUTORELEASING = YES;
				CLANG_WARN_BOOL_CONVERSION = YES;
				CLANG_WARN_COMMA = YES;
				CLANG_WARN_CONSTANT_CONVERSION = YES;
				CLANG_WARN_DEPRECATED_OBJC_IMPLEMENTATIONS = YES;
				CLANG_WARN_DIRECT_OBJC_ISA_USAGE = YES_ERROR;
				CLANG_WARN_DOCUMENTATION_COMMENTS = YES;
				CLANG_WARN_EMPTY_BODY = YES;
				CLANG_WARN_ENUM_CONVERSION = YES;
				CLANG_WARN_INFINITE_RECURSION = YES;
				CLANG_WARN_INT_CONVERSION = YES;
				CLANG_WARN_NON_LITERAL_NULL_CONVERSION = YES;
				CLANG_WARN_OBJC_IMPLICIT_RETAIN_SELF = YES;
				CLANG_WARN_OBJC_LITERAL_CONVERSION = YES;
				CLANG_WARN_OBJC_ROOT_CLASS = YES_ERROR;
				CLANG_WARN_QUOTED_INCLUDE_IN_FRAMEWORK_HEADER = YES;
				CLANG_WARN_RANGE_LOOP_ANALYSIS = YES;
				CLANG_WARN_STRICT_PROTOTYPES = YES;
				CLANG_WARN_SUSPICIOUS_MOVE = YES;
				CLANG_WARN_UNGUARDED_AVAILABILITY = YES_AGGRESSIVE;
				CLANG_WARN_UNREACHABLE_CODE = YES;
				CLANG_WARN__DUPLICATE_METHOD_MATCH = YES;
				COPY_PHASE_STRIP = NO;
				DEBUG_INFORMATION_FORMAT = "dwarf-with-dsym";
				DEVELOPMENT_TEAM = 8ZSX2MP48K;
				ENABLE_NS_ASSERTIONS = NO;
				ENABLE_STRICT_OBJC_MSGSEND = YES;
				ENABLE_USER_SCRIPT_SANDBOXING = YES;
				GCC_C_LANGUAGE_STANDARD = gnu17;
				GCC_NO_COMMON_BLOCKS = YES;
				GCC_WARN_64_TO_32_BIT_CONVERSION = YES;
				GCC_WARN_ABOUT_RETURN_TYPE = YES_ERROR;
				GCC_WARN_UNDECLARED_SELECTOR = YES;
				GCC_WARN_UNINITIALIZED_AUTOS = YES_AGGRESSIVE;
				GCC_WARN_UNUSED_FUNCTION = YES;
				GCC_WARN_UNUSED_VARIABLE = YES;
				IPHONEOS_DEPLOYMENT_TARGET = 18.5;
				LOCALIZATION_PREFERS_STRING_CATALOGS = YES;
				MTL_ENABLE_DEBUG_INFO = NO;
				MTL_FAST_MATH = YES;
				SDKROOT = iphoneos;
				SWIFT_COMPILATION_MODE = wholemodule;
				VALIDATE_PRODUCT = YES;
			};
			name = Release;
		};
		BBD7321B2E72730C0047A8F2 /* Debug */ = {
			isa = XCBuildConfiguration;
			buildSettings = {
				BUNDLE_LOADER = "$(TEST_HOST)";
				CODE_SIGN_STYLE = Automatic;
				CURRENT_PROJECT_VERSION = 1;
				DEVELOPMENT_TEAM = 8ZSX2MP48K;
				GENERATE_INFOPLIST_FILE = YES;
				IPHONEOS_DEPLOYMENT_TARGET = 18.5;
				MARKETING_VERSION = 1.0;
				PRODUCT_BUNDLE_IDENTIFIER = "srmist.edu.in.Segue-TrafficTests";
				PRODUCT_NAME = "$(TARGET_NAME)";
				SWIFT_EMIT_LOC_STRINGS = NO;
				SWIFT_VERSION = 5.0;
				TARGETED_DEVICE_FAMILY = "1,2";
				TEST_HOST = "$(BUILT_PRODUCTS_DIR)/Segue_Traffic.app/$(BUNDLE_EXECUTABLE_FOLDER_PATH)/Segue_Traffic";
			};
			name = Debug;
		};
		BBD7321C2E72730C0047A8F2 /* Release */ = {
			isa = XCBuildConfiguration;
			buildSettings = {
				BUNDLE_LOADER = "$(TEST_HOST)";
				CODE_SIGN_STYLE = Automatic;
				CURRENT_PROJECT_VERSION = 1;
				DEVELOPMENT_TEAM = 8ZSX2MP48K;
				GENERATE_INFOPLIST_FILE = YES;
				IPHONEOS_DEPLOYMENT_TARGET = 18.5;
				MARKETING_VERSION = 1.0;
				PRODUCT_BUNDLE_IDENTIFIER = "srmist.edu.in.Segue-TrafficTests";
				PRODUCT_NAME = "$(TARGET_NAME)";
				SWIFT_EMIT_LOC_STRINGS = NO;
				SWIFT_VERSION = 5.0;
				TARGETED_DEVICE_FAMILY = "1,2";
				TEST_HOST = "$(BUILT_PRODUCTS_DIR)/Segue_Traffic.app/$(BUNDLE_EXECUTABLE_FOLDER_PATH)/Segue_Traffic";
			};
			name = Release;
		};
		BBD7321E2E72730C0047A8F2 /* Debug */ = {
			isa = XCBuildConfiguration;
			buildSettings = {
				CODE_SIGN_STYLE = Automatic;
				CURRENT_PROJECT_VERSION = 1;
				DEVELOPMENT_TEAM = 8ZSX2MP48K;
				GENERATE_INFOPLIST_FILE = YES;
				MARKETING_VERSION = 1.0;
				PRODUCT_BUNDLE_IDENTIFIER = "srmist.edu.in.Segue-TrafficUITests";
				PRODUCT_NAME = "$(TARGET_NAME)";
				SWIFT_EMIT_LOC_STRINGS = NO;
				SWIFT_VERSION = 5.0;
				TARGETED_DEVICE_FAMILY = "1,2";
				TEST_TARGET_NAME = Segue_Traffic;
			};
			name = Debug;
		};
		BBD7321F2E72730C0047A8F2 /* Release */ = {
			isa = XCBuildConfiguration;
			buildSettings = {
				CODE_SIGN_STYLE = Automatic;
				CURRENT_PROJECT_VERSION = 1;
				DEVELOPMENT_TEAM = 8ZSX2MP48K;
				GENERATE_INFOPLIST_FILE = YES;
				MARKETING_VERSION = 1.0;
				PRODUCT_BUNDLE_IDENTIFIER = "srmist.edu.in.Segue-TrafficUITests";
				PRODUCT_NAME = "$(TARGET_NAME)";
				SWIFT_EMIT_LOC_STRINGS = NO;
				SWIFT_VERSION = 5.0;
				TARGETED_DEVICE_FAMILY = "1,2";
				TEST_TARGET_NAME = Segue_Traffic;
			};
			name = Release;
		};
/* End XCBuildConfiguration section */

/* Begin XCConfigurationList section */
		BBD731E72E72730A0047A8F2 /* Build configuration list for PBXProject "Segue_Traffic" */ = {
			isa = XCConfigurationList;
			buildConfigurations = (
				BBD732182E72730C0047A8F2 /* Debug */,
				BBD732192E72730C0047A8F2 /* Release */,
			);
			defaultConfigurationIsVisible = 0;
			defaultConfigurationName = Release;
		};
		BBD732152E72730C0047A8F2 /* Build configuration list for PBXNativeTarget "Segue_Traffic" */ = {
			isa = XCConfigurationList;
			buildConfigurations = (
				BBD732162E72730C0047A8F2 /* Debug */,
				BBD732172E72730C0047A8F2 /* Release */,
			);
			defaultConfigurationIsVisible = 0;
			defaultConfigurationName = Release;
		};
		BBD7321A2E72730C0047A8F2 /* Build configuration list for PBXNativeTarget "Segue_TrafficTests" */ = {
			isa = XCConfigurationList;
			buildConfigurations = (
				BBD7321B2E72730C0047A8F2 /* Debug */,
				BBD7321C2E72730C0047A8F2 /* Release */,
			);
			defaultConfigurationIsVisible = 0;
			defaultConfigurationName = Release;
		};
		BBD7321D2E72730C0047A8F2 /* Build configuration list for PBXNativeTarget "Segue_TrafficUITests" */ = {
			isa = XCConfigurationList;
			buildConfigurations = (
				BBD7321E2E72730C0047A8F2 /* Debug */,
				BBD7321F2E72730C0047A8F2 /* Release */,
			);
			defaultConfigurationIsVisible = 0;
			defaultConfigurationName = Release;
		};
/* End XCConfigurationList section */
	};
	rootObject = BBD731E42E72730A0047A8F2 /* Project object */;
}
